
Microsoft Visual Studio Solution File, Format Version 12.00
# Visual Studio Version 16
VisualStudioVersion = 16.0.31829.152
MinimumVisualStudioVersion = 10.0.40219.1
Project("{FAE04EC0-301F-11D3-BF4B-00C04F79EFBC}") = "Task_7_1", "Task_7_1\Task_7_1.csproj", "{1DCE789F-C82A-4EA6-9C3E-2F614F92FCE5}"
EndProject
Project("{FAE04EC0-301F-11D3-BF4B-00C04F79EFBC}") = "Task_7_2", "Task_7_2\Task_7_2.csproj", "{46DC1A0B-5196-4363-9523-CB8376A7FA47}"
EndProject
Global
	GlobalSection(SolutionConfigurationPlatforms) = preSolution
		Debug|Any CPU = Debug|Any CPU
		Release|Any CPU = Release|Any CPU
	EndGlobalSection
	GlobalSection(ProjectConfigurationPlatforms) = postSolution
		{1DCE789F-C82A-4EA6-9C3E-2F614F92FCE5}.Debug|Any CPU.ActiveCfg = Debug|Any CPU
		{1DCE789F-C82A-4EA6-9C3E-2F614F92FCE5}.Debug|Any CPU.Build.0 = Debug|Any CPU
		{1DCE789F-C82A-4EA6-9C3E-2F614F92FCE5}.Release|Any CPU.ActiveCfg = Release|Any CPU
		{1DCE789F-C82A-4EA6-9C3E-2F614F92FCE5}.Release|Any CPU.Build.0 = Release|Any CPU
		{46DC1A0B-5196-4363-9523-CB8376A7FA47}.Debug|Any CPU.ActiveCfg = Debug|Any CPU
		{46DC1A0B-5196-4363-9523-CB8376A7FA47}.Debug|Any CPU.Build.0 = Debug|Any CPU
		{46DC1A0B-5196-4363-9523-CB8376A7FA47}.Release|Any CPU.ActiveCfg = Release|Any CPU
		{46DC1A0B-5196-4363-9523-CB8376A7FA47}.Release|Any CPU.Build.0 = Release|Any CPU
	EndGlobalSection
	GlobalSection(SolutionProperties) = preSolution
		HideSolutionNode = FALSE
	EndGlobalSection
	GlobalSection(ExtensibilityGlobals) = postSolution
		SolutionGuid = {0A536378-738F-46B1-B8BD-1AA9111C2576}
	EndGlobalSection
EndGlobal
